// !$*UTF8*$!
{
	archiveVersion = 1;
	classes = {
	};
	objectVersion = 77;
	objects = {

/* Begin PBXBuildFile section */
		3169A43D2F99E4CA007E135A /* ComposableArchitecture in Frameworks */ = {isa = PBXBuildFile; productRef = 3169A43C2F99E4CA007E135A /* ComposableArchitecture */; };
/* End PBXBuildFile section */

/* Begin PBXContainerItemProxy section */
		3169A2C32F99E1A4007E135A /* PBXContainerItemProxy */ = {
			isa = PBXContainerItemProxy;
			containerPortal = 3169A2AD2F99E1A2007E135A /* Project object */;
			proxyType = 1;
			remoteGlobalIDString = 3169A2B42F99E1A2007E135A;
			remoteInfo = SwiftUI_TCA_Counter_Example;
		};
		3169A2CD2F99E1A4007E135A /* PBXContainerItemProxy */ = {
			isa = PBXContainerItemProxy;
			containerPortal = 3169A2AD2F99E1A2007E135A /* Project object */;
			proxyType = 1;
			remoteGlobalIDString = 3169A2B42F99E1A2007E135A;
			remoteInfo = SwiftUI_TCA_Counter_Example;
		};
/* End PBXContainerItemProxy section */

/* Begin PBXFileReference section */
		3169A2B52F99E1A2007E135A /* SwiftUI_TCA_Counter_Example.app */ = {isa = PBXFileReference; explicitFileType = wrapper.application; includeInIndex = 0; path = SwiftUI_TCA_Counter_Example.app; sourceTree = BUILT_PRODUCTS_DIR; };
		3169A2C22F99E1A4007E135A /* SwiftUI_TCA_Counter_ExampleTests.xctest */ = {isa = PBXFileReference; explicitFileType = wrapper.cfbundle; includeInIndex = 0; path = SwiftUI_TCA_Counter_ExampleTests.xctest; sourceTree = BUILT_PRODUCTS_DIR; };
		3169A2CC2F99E1A4007E135A /* SwiftUI_TCA_Counter_ExampleUITests.xctest */ = {isa = PBXFileReference; explicitFileType = wrapper.cfbundle; includeInIndex = 0; path = SwiftUI_TCA_Counter_ExampleUITests.xctest; sourceTree = BUILT_PRODUCTS_DIR; };
/* End PBXFileReference section */

/* Begin PBXFileSystemSynchronizedRootGroup section */
		3169A2B72F99E1A2007E135A /* SwiftUI_TCA_Counter_Example */ = {
			isa = PBXFileSystemSynchronizedRootGroup;
			path = SwiftUI_TCA_Counter_Example;
			sourceTree = "<group>";
		};
		3169A2C52F99E1A4007E135A /* SwiftUI_TCA_Counter_ExampleTests */ = {
			isa = PBXFileSystemSynchronizedRootGroup;
			path = SwiftUI_TCA_Counter_ExampleTests;
			sourceTree = "<group>";
		};
		3169A2CF2F99E1A4007E135A /* SwiftUI_TCA_Counter_ExampleUITests */ = {
			isa = PBXFileSystemSynchronizedRootGroup;
			path = SwiftUI_TCA_Counter_ExampleUITests;
			sourceTree = "<group>";
		};
/* End PBXFileSystemSynchronizedRootGroup section */

/* Begin PBXFrameworksBuildPhase section */
		3169A2B22F99E1A2007E135A /* Frameworks */ = {
			isa = PBXFrameworksBuildPhase;
			buildActionMask = 2147483647;
			files = (
				3169A43D2F99E4CA007E135A /* ComposableArchitecture in Frameworks */,
			);
			runOnlyForDeploymentPostprocessing = 0;
		};
		3169A2BF2F99E1A4007E135A /* Frameworks */ = {
			isa = PBXFrameworksBuildPhase;
			buildActionMask = 2147483647;
			files = (
			);
			runOnlyForDeploymentPostprocessing = 0;
		};
		3169A2C92F99E1A4007E135A /* Frameworks */ = {
			isa = PBXFrameworksBuildPhase;
			buildActionMask = 2147483647;
			files = (
			);
			runOnlyForDeploymentPostprocessing = 0;
		};
/* End PBXFrameworksBuildPhase section */

/* Begin PBXGroup section */
		3169A2AC2F99E1A2007E135A = {
			isa = PBXGroup;
			children = (
				3169A2B72F99E1A2007E135A /* SwiftUI_TCA_Counter_Example */,
				3169A2C52F99E1A4007E135A /* SwiftUI_TCA_Counter_ExampleTests */,
				3169A2CF2F99E1A4007E135A /* SwiftUI_TCA_Counter_ExampleUITests */,
				3169A2B62F99E1A2007E135A /* Products */,
			);
			sourceTree = "<group>";
		};
		3169A2B62F99E1A2007E135A /* Products */ = {
			isa = PBXGroup;
			children = (
				3169A2B52F99E1A2007E135A /* SwiftUI_TCA_Counter_Example.app */,
				3169A2C22F99E1A4007E135A /* SwiftUI_TCA_Counter_ExampleTests.xctest */,
				3169A2CC2F99E1A4007E135A /* SwiftUI_TCA_Counter_ExampleUITests.xctest */,
			);
			name = Products;
			sourceTree = "<group>";
		};
/* End PBXGroup section */

/* Begin PBXNativeTarget section */
		3169A2B42F99E1A2007E135A /* SwiftUI_TCA_Counter_Example */ = {
			isa = PBXNativeTarget;
			buildConfigurationList = 3169A2D62F99E1A4007E135A /* Build configuration list for PBXNativeTarget "SwiftUI_TCA_Counter_Example" */;
			buildPhases = (
				3169A2B12F99E1A2007E135A /* Sources */,
				3169A2B22F99E1A2007E135A /* Frameworks */,
				3169A2B32F99E1A2007E135A /* Resources */,
			);
			buildRules = (
			);
			dependencies = (
			);
			fileSystemSynchronizedGroups = (
				3169A2B72F99E1A2007E135A /* SwiftUI_TCA_Counter_Example */,
			);
			name = SwiftUI_TCA_Counter_Example;
			packageProductDependencies = (
				3169A43C2F99E4CA007E135A /* ComposableArchitecture */,
			);
			productName = SwiftUI_TCA_Counter_Example;
			productReference = 3169A2B52F99E1A2007E135A /* SwiftUI_TCA_Counter_Example.app */;
			productType = "com.apple.product-type.application";
		};
		3169A2C12F99E1A4007E135A /* SwiftUI_TCA_Counter_ExampleTests */ = {
			isa = PBXNativeTarget;
			buildConfigurationList = 3169A2D92F99E1A4007E135A /* Build configuration list for PBXNativeTarget "SwiftUI_TCA_Counter_ExampleTests" */;
			buildPhases = (
				3169A2BE2F99E1A4007E135A /* Sources */,
				3169A2BF2F99E1A4007E135A /* Frameworks */,
				3169A2C02F99E1A4007E135A /* Resources */,
			);
			buildRules = (
			);
			dependencies = (
				3169A2C42F99E1A4007E135A /* PBXTargetDependency */,
			);
			fileSystemSynchronizedGroups = (
				3169A2C52F99E1A4007E135A /* SwiftUI_TCA_Counter_ExampleTests */,
			);
			name = SwiftUI_TCA_Counter_ExampleTests;
			packageProductDependencies = (
			);
			productName = SwiftUI_TCA_Counter_ExampleTests;
			productReference = 3169A2C22F99E1A4007E135A /* SwiftUI_TCA_Counter_ExampleTests.xctest */;
			productType = "com.apple.product-type.bundle.unit-test";
		};
		3169A2CB2F99E1A4007E135A /* SwiftUI_TCA_Counter_ExampleUITests */ = {
			isa = PBXNativeTarget;
			buildConfigurationList = 3169A2DC2F99E1A4007E135A /* Build configuration list for PBXNativeTarget "SwiftUI_TCA_Counter_ExampleUITests" */;
			buildPhases = (
				3169A2C82F99E1A4007E135A /* Sources */,
				3169A2C92F99E1A4007E135A /* Frameworks */,
				3169A2CA2F99E1A4007E135A /* Resources */,
			);
			buildRules = (
			);
			dependencies = (
				3169A2CE2F99E1A4007E135A /* PBXTargetDependency */,
			);
			fileSystemSynchronizedGroups = (
				3169A2CF2F99E1A4007E135A /* SwiftUI_TCA_Counter_ExampleUITests */,
			);
			name = SwiftUI_TCA_Counter_ExampleUITests;
			packageProductDependencies = (
			);
			productName = SwiftUI_TCA_Counter_ExampleUITests;
			productReference = 3169A2CC2F99E1A4007E135A /* SwiftUI_TCA_Counter_ExampleUITests.xctest */;
			productType = "com.apple.product-type.bundle.ui-testing";
		};
/* End PBXNativeTarget section */

/* Begin PBXProject section */
		3169A2AD2F99E1A2007E135A /* Project object */ = {
			isa = PBXProject;
			attributes = {
				BuildIndependentTargetsInParallel = 1;
				LastSwiftUpdateCheck = 2640;
				LastUpgradeCheck = 2640;
				TargetAttributes = {
					3169A2B42F99E1A2007E135A = {
						CreatedOnToolsVersion = 26.4.1;
					};
					3169A2C12F99E1A4007E135A = {
						CreatedOnToolsVersion = 26.4.1;
						TestTargetID = 3169A2B42F99E1A2007E135A;
					};
					3169A2CB2F99E1A4007E135A = {
						CreatedOnToolsVersion = 26.4.1;
						TestTargetID = 3169A2B42F99E1A2007E135A;
					};
				};
			};
			buildConfigurationList = 3169A2B02F99E1A2007E135A /* Build configuration list for PBXProject "SwiftUI_TCA_Counter_Example" */;
			developmentRegion = en;
			hasScannedForEncodings = 0;
			knownRegions = (
				en,
				Base,
			);
			mainGroup = 3169A2AC2F99E1A2007E135A;
			minimizedProjectReferenceProxies = 1;
			packageReferences = (
				3169A43B2F99E4CA007E135A /* XCRemoteSwiftPackageReference "swift-composable-architecture" */,
			);
			preferredProjectObjectVersion = 77;
			productRefGroup = 3169A2B62F99E1A2007E135A /* Products */;
			projectDirPath = "";
			projectRoot = "";
			targets = (
				3169A2B42F99E1A2007E135A /* SwiftUI_TCA_Counter_Example */,
				3169A2C12F99E1A4007E135A /* SwiftUI_TCA_Counter_ExampleTests */,
				3169A2CB2F99E1A4007E135A /* SwiftUI_TCA_Counter_ExampleUITests */,
			);
		};
/* End PBXProject section */

/* Begin PBXResourcesBuildPhase section */
		3169A2B32F99E1A2007E135A /* Resources */ = {
			isa = PBXResourcesBuildPhase;
			buildActionMask = 2147483647;
			files = (
			);
			runOnlyForDeploymentPostprocessing = 0;
		};
		3169A2C02F99E1A4007E135A /* Resources */ = {
			isa = PBXResourcesBuildPhase;
			buildActionMask = 2147483647;
			files = (
			);
			runOnlyForDeploymentPostprocessing = 0;
		};
		3169A2CA2F99E1A4007E135A /* Resources */ = {
			isa = PBXResourcesBuildPhase;
			buildActionMask = 2147483647;
			files = (
			);
			runOnlyForDeploymentPostprocessing = 0;
		};
/* End PBXResourcesBuildPhase section */

/* Begin PBXSourcesBuildPhase section */
		3169A2B12F99E1A2007E135A /* Sources */ = {
			isa = PBXSourcesBuildPhase;
			buildActionMask = 2147483647;
			files = (
			);
			runOnlyForDeploymentPostprocessing = 0;
		};
		3169A2BE2F99E1A4007E135A /* Sources */ = {
			isa = PBXSourcesBuildPhase;
			buildActionMask = 2147483647;
			files = (
			);
			runOnlyForDeploymentPostprocessing = 0;
		};
		3169A2C82F99E1A4007E135A /* Sources */ = {
			isa = PBXSourcesBuildPhase;
			buildActionMask = 2147483647;
			files = (
			);
			runOnlyForDeploymentPostprocessing = 0;
		};
/* End PBXSourcesBuildPhase section */

/* Begin PBXTargetDependency section */
		3169A2C42F99E1A4007E135A /* PBXTargetDependency */ = {
			isa = PBXTargetDependency;
			target = 3169A2B42F99E1A2007E135A /* SwiftUI_TCA_Counter_Example */;
			targetProxy = 3169A2C32F99E1A4007E135A /* PBXContainerItemProxy */;
		};
		3169A2CE2F99E1A4007E135A /* PBXTargetDependency */ = {
			isa = PBXTargetDependency;
			target = 3169A2B42F99E1A2007E135A /* SwiftUI_TCA_Counter_Example */;
			targetProxy = 3169A2CD2F99E1A4007E135A /* PBXContainerItemProxy */;
		};
/* End PBXTargetDependency section */

/* Begin XCBuildConfiguration section */
		3169A2D42F99E1A4007E135A /* Debug */ = {
			isa = XCBuildConfiguration;
			buildSettings = {
				ALWAYS_SEARCH_USER_PATHS = NO;
				ASSETCATALOG_COMPILER_GENERATE_SWIFT_ASSET_SYMBOL_EXTENSIONS = YES;
				CLANG_ANALYZER_NONNULL = YES;
				CLANG_ANALYZER_NUMBER_OBJECT_CONVERSION = YES_AGGRESSIVE;
				CLANG_CXX_LANGUAGE_STANDARD = "gnu++20";
				CLANG_ENABLE_MODULES = YES;
				CLANG_ENABLE_OBJC_ARC = YES;
				CLANG_ENABLE_OBJC_WEAK = YES;
				CLANG_WARN_BLOCK_CAPTURE_AUTORELEASING = YES;
				CLANG_WARN_BOOL_CONVERSION = YES;
				CLANG_WARN_COMMA = YES;
				CLANG_WARN_CONSTANT_CONVERSION = YES;
				CLANG_WARN_DEPRECATED_OBJC_IMPLEMENTATIONS = YES;
				CLANG_WARN_DIRECT_OBJC_ISA_USAGE = YES_ERROR;
				CLANG_WARN_DOCUMENTATION_COMMENTS = YES;
				CLANG_WARN_EMPTY_BODY = YES;
				CLANG_WARN_ENUM_CONVERSION = YES;
				CLANG_WARN_INFINITE_RECURSION = YES;
				CLANG_WARN_INT_CONVERSION = YES;
				CLANG_WARN_NON_LITERAL_NULL_CONVERSION = YES;
				CLANG_WARN_OBJC_IMPLICIT_RETAIN_SELF = YES;
				CLANG_WARN_OBJC_LITERAL_CONVERSION = YES;
				CLANG_WARN_OBJC_ROOT_CLASS = YES_ERROR;
				CLANG_WARN_QUOTED_INCLUDE_IN_FRAMEWORK_HEADER = YES;
				CLANG_WARN_RANGE_LOOP_ANALYSIS = YES;
				CLANG_WARN_STRICT_PROTOTYPES = YES;
				CLANG_WARN_SUSPICIOUS_MOVE = YES;
				CLANG_WARN_UNGUARDED_AVAILABILITY = YES_AGGRESSIVE;
				CLANG_WARN_UNREACHABLE_CODE = YES;
				CLANG_WARN__DUPLICATE_METHOD_MATCH = YES;
				COPY_PHASE_STRIP = NO;
				DEBUG_INFORMATION_FORMAT = dwarf;
				DEVELOPMENT_TEAM = U5LW6HVD99;
				ENABLE_STRICT_OBJC_MSGSEND = YES;
				ENABLE_TESTABILITY = YES;
				ENABLE_USER_SCRIPT_SANDBOXING = YES;
				GCC_C_LANGUAGE_STANDARD = gnu17;
				GCC_DYNAMIC_NO_PIC = NO;
				GCC_NO_COMMON_BLOCKS = YES;
				GCC_OPTIMIZATION_LEVEL = 0;
				GCC_PREPROCESSOR_DEFINITIONS = (
					"DEBUG=1",
					"$(inherited)",
				);
				GCC_WARN_64_TO_32_BIT_CONVERSION = YES;
				GCC_WARN_ABOUT_RETURN_TYPE = YES_ERROR;
				GCC_WARN_UNDECLARED_SELECTOR = YES;
				GCC_WARN_UNINITIALIZED_AUTOS = YES_AGGRESSIVE;
				GCC_WARN_UNUSED_FUNCTION = YES;
				GCC_WARN_UNUSED_VARIABLE = YES;
				IPHONEOS_DEPLOYMENT_TARGET = 26.4;
				LOCALIZATION_PREFERS_STRING_CATALOGS = YES;
				MTL_ENABLE_DEBUG_INFO = INCLUDE_SOURCE;
				MTL_FAST_MATH = YES;
				ONLY_ACTIVE_ARCH = YES;
				SDKROOT = iphoneos;
				SWIFT_ACTIVE_COMPILATION_CONDITIONS = "DEBUG $(inherited)";
				SWIFT_OPTIMIZATION_LEVEL = "-Onone";
			};
			name = Debug;
		};
		3169A2D52F99E1A4007E135A /* Release */ = {
			isa = XCBuildConfiguration;
			buildSettings = {
				ALWAYS_SEARCH_USER_PATHS = NO;
				ASSETCATALOG_COMPILER_GENERATE_SWIFT_ASSET_SYMBOL_EXTENSIONS = YES;
				CLANG_ANALYZER_NONNULL = YES;
				CLANG_ANALYZER_NUMBER_OBJECT_CONVERSION = YES_AGGRESSIVE;
				CLANG_CXX_LANGUAGE_STANDARD = "gnu++20";
				CLANG_ENABLE_MODULES = YES;
				CLANG_ENABLE_OBJC_ARC = YES;
				CLANG_ENABLE_OBJC_WEAK = YES;
				CLANG_WARN_BLOCK_CAPTURE_AUTORELEASING = YES;
				CLANG_WARN_BOOL_CONVERSION = YES;
				CLANG_WARN_COMMA = YES;
				CLANG_WARN_CONSTANT_CONVERSION = YES;
				CLANG_WARN_DEPRECATED_OBJC_IMPLEMENTATIONS = YES;
				CLANG_WARN_DIRECT_OBJC_ISA_USAGE = YES_ERROR;
				CLANG_WARN_DOCUMENTATION_COMMENTS = YES;
				CLANG_WARN_EMPTY_BODY = YES;
				CLANG_WARN_ENUM_CONVERSION = YES;
				CLANG_WARN_INFINITE_RECURSION = YES;
				CLANG_WARN_INT_CONVERSION = YES;
				CLANG_WARN_NON_LITERAL_NULL_CONVERSION = YES;
				CLANG_WARN_OBJC_IMPLICIT_RETAIN_SELF = YES;
				CLANG_WARN_OBJC_LITERAL_CONVERSION = YES;
				CLANG_WARN_OBJC_ROOT_CLASS = YES_ERROR;
				CLANG_WARN_QUOTED_INCLUDE_IN_FRAMEWORK_HEADER = YES;
				CLANG_WARN_RANGE_LOOP_ANALYSIS = YES;
				CLANG_WARN_STRICT_PROTOTYPES = YES;
				CLANG_WARN_SUSPICIOUS_MOVE = YES;
				CLANG_WARN_UNGUARDED_AVAILABILITY = YES_AGGRESSIVE;
				CLANG_WARN_UNREACHABLE_CODE = YES;
				CLANG_WARN__DUPLICATE_METHOD_MATCH = YES;
				COPY_PHASE_STRIP = NO;
				DEBUG_INFORMATION_FORMAT = "dwarf-with-dsym";
				DEVELOPMENT_TEAM = U5LW6HVD99;
				ENABLE_NS_ASSERTIONS = NO;
				ENABLE_STRICT_OBJC_MSGSEND = YES;
				ENABLE_USER_SCRIPT_SANDBOXING = YES;
				GCC_C_LANGUAGE_STANDARD = gnu17;
				GCC_NO_COMMON_BLOCKS = YES;
				GCC_WARN_64_TO_32_BIT_CONVERSION = YES;
				GCC_WARN_ABOUT_RETURN_TYPE = YES_ERROR;
				GCC_WARN_UNDECLARED_SELECTOR = YES;
				GCC_WARN_UNINITIALIZED_AUTOS = YES_AGGRESSIVE;
				GCC_WARN_UNUSED_FUNCTION = YES;
				GCC_WARN_UNUSED_VARIABLE = YES;
				IPHONEOS_DEPLOYMENT_TARGET = 26.4;
				LOCALIZATION_PREFERS_STRING_CATALOGS = YES;
				MTL_ENABLE_DEBUG_INFO = NO;
				MTL_FAST_MATH = YES;
				SDKROOT = iphoneos;
				SWIFT_COMPILATION_MODE = wholemodule;
				VALIDATE_PRODUCT = YES;
			};
			name = Release;
		};
		3169A2D72F99E1A4007E135A /* Debug */ = {
			isa = XCBuildConfiguration;
			buildSettings = {
				ASSETCATALOG_COMPILER_APPICON_NAME = AppIcon;
				ASSETCATALOG_COMPILER_GLOBAL_ACCENT_COLOR_NAME = AccentColor;
				CODE_SIGN_STYLE = Automatic;
				CURRENT_PROJECT_VERSION = 1;
				DEVELOPMENT_TEAM = U5LW6HVD99;
				ENABLE_PREVIEWS = YES;
				GENERATE_INFOPLIST_FILE = YES;
				INFOPLIST_KEY_UIApplicationSceneManifest_Generation = YES;
				INFOPLIST_KEY_UIApplicationSupportsIndirectInputEvents = YES;
				INFOPLIST_KEY_UILaunchScreen_Generation = YES;
				INFOPLIST_KEY_UISupportedInterfaceOrientations_iPad = "UIInterfaceOrientationPortrait UIInterfaceOrientationPortraitUpsideDown UIInterfaceOrientationLandscapeLeft UIInterfaceOrientationLandscapeRight";
				INFOPLIST_KEY_UISupportedInterfaceOrientations_iPhone = "UIInterfaceOrientationPortrait UIInterfaceOrientationLandscapeLeft UIInterfaceOrientationLandscapeRight";
				LD_RUNPATH_SEARCH_PATHS = (
					"$(inherited)",
					"@executable_path/Frameworks",
				);
				MARKETING_VERSION = 1.0;
				PRODUCT_BUNDLE_IDENTIFIER = "net.deskplate.SwiftUI-TCA-Counter-Example";
				PRODUCT_NAME = "$(TARGET_NAME)";
				STRING_CATALOG_GENERATE_SYMBOLS = YES;
				SWIFT_APPROACHABLE_CONCURRENCY = YES;
				SWIFT_DEFAULT_ACTOR_ISOLATION = MainActor;
				SWIFT_EMIT_LOC_STRINGS = YES;
				SWIFT_UPCOMING_FEATURE_MEMBER_IMPORT_VISIBILITY = YES;
				SWIFT_VERSION = 5.0;
				TARGETED_DEVICE_FAMILY = "1,2";
			};
			name = Debug;
		};
		3169A2D82F99E1A4007E135A /* Release */ = {
			isa = XCBuildConfiguration;
			buildSettings = {
				ASSETCATALOG_COMPILER_APPICON_NAME = AppIcon;
				ASSETCATALOG_COMPILER_GLOBAL_ACCENT_COLOR_NAME = AccentColor;
				CODE_SIGN_STYLE = Automatic;
				CURRENT_PROJECT_VERSION = 1;
				DEVELOPMENT_TEAM = U5LW6HVD99;
				ENABLE_PREVIEWS = YES;
				GENERATE_INFOPLIST_FILE = YES;
				INFOPLIST_KEY_UIApplicationSceneManifest_Generation = YES;
				INFOPLIST_KEY_UIApplicationSupportsIndirectInputEvents = YES;
				INFOPLIST_KEY_UILaunchScreen_Generation = YES;
				INFOPLIST_KEY_UISupportedInterfaceOrientations_iPad = "UIInterfaceOrientationPortrait UIInterfaceOrientationPortraitUpsideDown UIInterfaceOrientationLandscapeLeft UIInterfaceOrientationLandscapeRight";
				INFOPLIST_KEY_UISupportedInterfaceOrientations_iPhone = "UIInterfaceOrientationPortrait UIInterfaceOrientationLandscapeLeft UIInterfaceOrientationLandscapeRight";
				LD_RUNPATH_SEARCH_PATHS = (
					"$(inherited)",
					"@executable_path/Frameworks",
				);
				MARKETING_VERSION = 1.0;
				PRODUCT_BUNDLE_IDENTIFIER = "net.deskplate.SwiftUI-TCA-Counter-Example";
				PRODUCT_NAME = "$(TARGET_NAME)";
				STRING_CATALOG_GENERATE_SYMBOLS = YES;
				SWIFT_APPROACHABLE_CONCURRENCY = YES;
				SWIFT_DEFAULT_ACTOR_ISOLATION = MainActor;
				SWIFT_EMIT_LOC_STRINGS = YES;
				SWIFT_UPCOMING_FEATURE_MEMBER_IMPORT_VISIBILITY = YES;
				SWIFT_VERSION = 5.0;
				TARGETED_DEVICE_FAMILY = "1,2";
			};
			name = Release;
		};
		3169A2DA2F99E1A4007E135A /* Debug */ = {
			isa = XCBuildConfiguration;
			buildSettings = {
				BUNDLE_LOADER = "$(TEST_HOST)";
				CODE_SIGN_STYLE = Automatic;
				CURRENT_PROJECT_VERSION = 1;
				DEVELOPMENT_TEAM = U5LW6HVD99;
				GENERATE_INFOPLIST_FILE = YES;
				IPHONEOS_DEPLOYMENT_TARGET = 26.4;
				MARKETING_VERSION = 1.0;
				PRODUCT_BUNDLE_IDENTIFIER = "net.deskplate.SwiftUI-TCA-Counter-ExampleTests";
				PRODUCT_NAME = "$(TARGET_NAME)";
				STRING_CATALOG_GENERATE_SYMBOLS = NO;
				SWIFT_APPROACHABLE_CONCURRENCY = YES;
				SWIFT_EMIT_LOC_STRINGS = NO;
				SWIFT_UPCOMING_FEATURE_MEMBER_IMPORT_VISIBILITY = YES;
				SWIFT_VERSION = 5.0;
				TARGETED_DEVICE_FAMILY = "1,2";
				TEST_HOST = "$(BUILT_PRODUCTS_DIR)/SwiftUI_TCA_Counter_Example.app/$(BUNDLE_EXECUTABLE_FOLDER_PATH)/SwiftUI_TCA_Counter_Example";
			};
			name = Debug;
		};
		3169A2DB2F99E1A4007E135A /* Release */ = {
			isa = XCBuildConfiguration;
			buildSettings = {
				BUNDLE_LOADER = "$(TEST_HOST)";
				CODE_SIGN_STYLE = Automatic;
				CURRENT_PROJECT_VERSION = 1;
				DEVELOPMENT_TEAM = U5LW6HVD99;
				GENERATE_INFOPLIST_FILE = YES;
				IPHONEOS_DEPLOYMENT_TARGET = 26.4;
				MARKETING_VERSION = 1.0;
				PRODUCT_BUNDLE_IDENTIFIER = "net.deskplate.SwiftUI-TCA-Counter-ExampleTests";
				PRODUCT_NAME = "$(TARGET_NAME)";
				STRING_CATALOG_GENERATE_SYMBOLS = NO;
				SWIFT_APPROACHABLE_CONCURRENCY = YES;
				SWIFT_EMIT_LOC_STRINGS = NO;
				SWIFT_UPCOMING_FEATURE_MEMBER_IMPORT_VISIBILITY = YES;
				SWIFT_VERSION = 5.0;
				TARGETED_DEVICE_FAMILY = "1,2";
				TEST_HOST = "$(BUILT_PRODUCTS_DIR)/SwiftUI_TCA_Counter_Example.app/$(BUNDLE_EXECUTABLE_FOLDER_PATH)/SwiftUI_TCA_Counter_Example";
			};
			name = Release;
		};
		3169A2DD2F99E1A4007E135A /* Debug */ = {
			isa = XCBuildConfiguration;
			buildSettings = {
				CODE_SIGN_STYLE = Automatic;
				CURRENT_PROJECT_VERSION = 1;
				DEVELOPMENT_TEAM = U5LW6HVD99;
				GENERATE_INFOPLIST_FILE = YES;
				MARKETING_VERSION = 1.0;
				PRODUCT_BUNDLE_IDENTIFIER = "net.deskplate.SwiftUI-TCA-Counter-ExampleUITests";
				PRODUCT_NAME = "$(TARGET_NAME)";
				STRING_CATALOG_GENERATE_SYMBOLS = NO;
				SWIFT_APPROACHABLE_CONCURRENCY = YES;
				SWIFT_EMIT_LOC_STRINGS = NO;
				SWIFT_UPCOMING_FEATURE_MEMBER_IMPORT_VISIBILITY = YES;
				SWIFT_VERSION = 5.0;
				TARGETED_DEVICE_FAMILY = "1,2";
				TEST_TARGET_NAME = SwiftUI_TCA_Counter_Example;
			};
			name = Debug;
		};
		3169A2DE2F99E1A4007E135A /* Release */ = {
			isa = XCBuildConfiguration;
			buildSettings = {
				CODE_SIGN_STYLE = Automatic;
				CURRENT_PROJECT_VERSION = 1;
				DEVELOPMENT_TEAM = U5LW6HVD99;
				GENERATE_INFOPLIST_FILE = YES;
				MARKETING_VERSION = 1.0;
				PRODUCT_BUNDLE_IDENTIFIER = "net.deskplate.SwiftUI-TCA-Counter-ExampleUITests";
				PRODUCT_NAME = "$(TARGET_NAME)";
				STRING_CATALOG_GENERATE_SYMBOLS = NO;
				SWIFT_APPROACHABLE_CONCURRENCY = YES;
				SWIFT_EMIT_LOC_STRINGS = NO;
				SWIFT_UPCOMING_FEATURE_MEMBER_IMPORT_VISIBILITY = YES;
				SWIFT_VERSION = 5.0;
				TARGETED_DEVICE_FAMILY = "1,2";
				TEST_TARGET_NAME = SwiftUI_TCA_Counter_Example;
			};
			name = Release;
		};
/* End XCBuildConfiguration section */

/* Begin XCConfigurationList section */
		3169A2B02F99E1A2007E135A /* Build configuration list for PBXProject "SwiftUI_TCA_Counter_Example" */ = {
			isa = XCConfigurationList;
			buildConfigurations = (
				3169A2D42F99E1A4007E135A /* Debug */,
				3169A2D52F99E1A4007E135A /* Release */,
			);
			defaultConfigurationIsVisible = 0;
			defaultConfigurationName = Release;
		};
		3169A2D62F99E1A4007E135A /* Build configuration list for PBXNativeTarget "SwiftUI_TCA_Counter_Example" */ = {
			isa = XCConfigurationList;
			buildConfigurations = (
				3169A2D72F99E1A4007E135A /* Debug */,
				3169A2D82F99E1A4007E135A /* Release */,
			);
			defaultConfigurationIsVisible = 0;
			defaultConfigurationName = Release;
		};
		3169A2D92F99E1A4007E135A /* Build configuration list for PBXNativeTarget "SwiftUI_TCA_Counter_ExampleTests" */ = {
			isa = XCConfigurationList;
			buildConfigurations = (
				3169A2DA2F99E1A4007E135A /* Debug */,
				3169A2DB2F99E1A4007E135A /* Release */,
			);
			defaultConfigurationIsVisible = 0;
			defaultConfigurationName = Release;
		};
		3169A2DC2F99E1A4007E135A /* Build configuration list for PBXNativeTarget "SwiftUI_TCA_Counter_ExampleUITests" */ = {
			isa = XCConfigurationList;
			buildConfigurations = (
				3169A2DD2F99E1A4007E135A /* Debug */,
				3169A2DE2F99E1A4007E135A /* Release */,
			);
			defaultConfigurationIsVisible = 0;
			defaultConfigurationName = Release;
		};
/* End XCConfigurationList section */

/* Begin XCRemoteSwiftPackageReference section */
		3169A43B2F99E4CA007E135A /* XCRemoteSwiftPackageReference "swift-composable-architecture" */ = {
			isa = XCRemoteSwiftPackageReference;
			repositoryURL = "https://github.com/pointfreeco/swift-composable-architecture";
			requirement = {
				kind = upToNextMajorVersion;
				minimumVersion = 1.25.5;
			};
		};
/* End XCRemoteSwiftPackageReference section */

/* Begin XCSwiftPackageProductDependency section */
		3169A43C2F99E4CA007E135A /* ComposableArchitecture */ = {
			isa = XCSwiftPackageProductDependency;
			package = 3169A43B2F99E4CA007E135A /* XCRemoteSwiftPackageReference "swift-composable-architecture" */;
			productName = ComposableArchitecture;
		};
/* End XCSwiftPackageProductDependency section */
	};
	rootObject = 3169A2AD2F99E1A2007E135A /* Project object */;
}
